
Microsoft Visual Studio Solution File, Format Version 12.00
# Visual Studio Version 17
VisualStudioVersion = 17.13.35931.197 d17.13
MinimumVisualStudioVersion = 10.0.40219.1
Project("{FAE04EC0-301F-11D3-BF4B-00C04F79EFBC}") = "ProductionOverview", "ProductionOverview\ProductionOverview.csproj", "{39898003-9038-4005-BD4A-0BC929E0E083}"
EndProject
Global
	GlobalSection(SolutionConfigurationPlatforms) = preSolution
		Debug|Any CPU = Debug|Any CPU
		Release|Any CPU = Release|Any CPU
	EndGlobalSection
	GlobalSection(ProjectConfigurationPlatforms) = postSolution
		{39898003-9038-4005-BD4A-0BC929E0E083}.Debug|Any CPU.ActiveCfg = Debug|Any CPU
		{39898003-9038-4005-BD4A-0BC929E0E083}.Debug|Any CPU.Build.0 = Debug|Any CPU
		{39898003-9038-4005-BD4A-0BC929E0E083}.Release|Any CPU.ActiveCfg = Release|Any CPU
		{39898003-9038-4005-BD4A-0BC929E0E083}.Release|Any CPU.Build.0 = Release|Any CPU
	EndGlobalSection
	GlobalSection(SolutionProperties) = preSolution
		HideSolutionNode = FALSE
	EndGlobalSection
	GlobalSection(ExtensibilityGlobals) = postSolution
		SolutionGuid = {88578D9D-6F0D-4DAD-A3FE-451D6CEAAC41}
	EndGlobalSection
EndGlobal
